
Microsoft Visual Studio Solution File, Format Version 12.00
# Visual Studio Version 16
VisualStudioVersion = 16.0.29020.237
MinimumVisualStudioVersion = 10.0.40219.1
Project("{FAE04EC0-301F-11D3-BF4B-00C04F79EFBC}") = "design-patterns", "design-patterns\design-patterns.csproj", "{BED61EC6-63EA-47DA-B363-DC2667E721F3}"
EndProject
Project("{FAE04EC0-301F-11D3-BF4B-00C04F79EFBC}") = "Exercise1", "exercise1\Exercise1.csproj", "{BDF8B4C1-DDF5-41DB-9C76-4A2CB7D6858B}"
EndProject
Project("{FAE04EC0-301F-11D3-BF4B-00C04F79EFBC}") = "Exercise2", "Exercise2\Exercise2.csproj", "{50DED5EA-36A1-4332-A242-D6E587207A9F}"
EndProject
Project("{FAE04EC0-301F-11D3-BF4B-00C04F79EFBC}") = "Exercise3", "Exercise3\Exercise3.csproj", "{336476DB-1953-4E6A-814A-7CA0C623125D}"
EndProject
Project("{FAE04EC0-301F-11D3-BF4B-00C04F79EFBC}") = "Exercise5", "Exercise5\Exercise5.csproj", "{85ED2CC7-C137-49BC-87FA-62B239F7667C}"
EndProject
Project("{FAE04EC0-301F-11D3-BF4B-00C04F79EFBC}") = "Exercise7", "Exercise7\Exercise7.csproj", "{714EA5BF-2946-4F51-93A7-02B028B88B0C}"
EndProject
Project("{FAE04EC0-301F-11D3-BF4B-00C04F79EFBC}") = "Exercise6", "Exercise6\Exercise6.csproj", "{6E9A3A5E-6101-4951-AD6C-BEA2445E175A}"
EndProject
Global
	GlobalSection(SolutionConfigurationPlatforms) = preSolution
		Debug|Any CPU = Debug|Any CPU
		Release|Any CPU = Release|Any CPU
	EndGlobalSection
	GlobalSection(ProjectConfigurationPlatforms) = postSolution
		{BED61EC6-63EA-47DA-B363-DC2667E721F3}.Debug|Any CPU.ActiveCfg = Debug|Any CPU
		{BED61EC6-63EA-47DA-B363-DC2667E721F3}.Debug|Any CPU.Build.0 = Debug|Any CPU
		{BED61EC6-63EA-47DA-B363-DC2667E721F3}.Release|Any CPU.ActiveCfg = Release|Any CPU
		{BED61EC6-63EA-47DA-B363-DC2667E721F3}.Release|Any CPU.Build.0 = Release|Any CPU
		{BDF8B4C1-DDF5-41DB-9C76-4A2CB7D6858B}.Debug|Any CPU.ActiveCfg = Debug|Any CPU
		{BDF8B4C1-DDF5-41DB-9C76-4A2CB7D6858B}.Debug|Any CPU.Build.0 = Debug|Any CPU
		{BDF8B4C1-DDF5-41DB-9C76-4A2CB7D6858B}.Release|Any CPU.ActiveCfg = Release|Any CPU
		{BDF8B4C1-DDF5-41DB-9C76-4A2CB7D6858B}.Release|Any CPU.Build.0 = Release|Any CPU
		{50DED5EA-36A1-4332-A242-D6E587207A9F}.Debug|Any CPU.ActiveCfg = Debug|Any CPU
		{50DED5EA-36A1-4332-A242-D6E587207A9F}.Debug|Any CPU.Build.0 = Debug|Any CPU
		{50DED5EA-36A1-4332-A242-D6E587207A9F}.Release|Any CPU.ActiveCfg = Release|Any CPU
		{50DED5EA-36A1-4332-A242-D6E587207A9F}.Release|Any CPU.Build.0 = Release|Any CPU
		{336476DB-1953-4E6A-814A-7CA0C623125D}.Debug|Any CPU.ActiveCfg = Debug|Any CPU
		{336476DB-1953-4E6A-814A-7CA0C623125D}.Debug|Any CPU.Build.0 = Debug|Any CPU
		{336476DB-1953-4E6A-814A-7CA0C623125D}.Release|Any CPU.ActiveCfg = Release|Any CPU
		{336476DB-1953-4E6A-814A-7CA0C623125D}.Release|Any CPU.Build.0 = Release|Any CPU
		{85ED2CC7-C137-49BC-87FA-62B239F7667C}.Debug|Any CPU.ActiveCfg = Debug|Any CPU
		{85ED2CC7-C137-49BC-87FA-62B239F7667C}.Debug|Any CPU.Build.0 = Debug|Any CPU
		{85ED2CC7-C137-49BC-87FA-62B239F7667C}.Release|Any CPU.ActiveCfg = Release|Any CPU
		{85ED2CC7-C137-49BC-87FA-62B239F7667C}.Release|Any CPU.Build.0 = Release|Any CPU
		{714EA5BF-2946-4F51-93A7-02B028B88B0C}.Debug|Any CPU.ActiveCfg = Debug|Any CPU
		{714EA5BF-2946-4F51-93A7-02B028B88B0C}.Debug|Any CPU.Build.0 = Debug|Any CPU
		{714EA5BF-2946-4F51-93A7-02B028B88B0C}.Release|Any CPU.ActiveCfg = Release|Any CPU
		{714EA5BF-2946-4F51-93A7-02B028B88B0C}.Release|Any CPU.Build.0 = Release|Any CPU
		{6E9A3A5E-6101-4951-AD6C-BEA2445E175A}.Debug|Any CPU.ActiveCfg = Debug|Any CPU
		{6E9A3A5E-6101-4951-AD6C-BEA2445E175A}.Debug|Any CPU.Build.0 = Debug|Any CPU
		{6E9A3A5E-6101-4951-AD6C-BEA2445E175A}.Release|Any CPU.ActiveCfg = Release|Any CPU
		{6E9A3A5E-6101-4951-AD6C-BEA2445E175A}.Release|Any CPU.Build.0 = Release|Any CPU
	EndGlobalSection
	GlobalSection(SolutionProperties) = preSolution
		HideSolutionNode = FALSE
	EndGlobalSection
	GlobalSection(ExtensibilityGlobals) = postSolution
		SolutionGuid = {3E17EB80-73D7-4C67-B4F2-7F12A21420CE}
	EndGlobalSection
EndGlobal
